
Microsoft Visual Studio Solution File, Format Version 12.00
# Visual Studio Version 16
VisualStudioVersion = 16.0.30104.148
MinimumVisualStudioVersion = 10.0.40219.1
Project("{FAE04EC0-301F-11D3-BF4B-00C04F79EFBC}") = "Final Project Math Game", "Final Project Math Game\Final Project Math Game.csproj", "{ABA59913-D7A2-496E-8925-BC3CA98024B1}"
EndProject
Global
	GlobalSection(SolutionConfigurationPlatforms) = preSolution
		Debug|Any CPU = Debug|Any CPU
		Release|Any CPU = Release|Any CPU
	EndGlobalSection
	GlobalSection(ProjectConfigurationPlatforms) = postSolution
		{ABA59913-D7A2-496E-8925-BC3CA98024B1}.Debug|Any CPU.ActiveCfg = Debug|Any CPU
		{ABA59913-D7A2-496E-8925-BC3CA98024B1}.Debug|Any CPU.Build.0 = Debug|Any CPU
		{ABA59913-D7A2-496E-8925-BC3CA98024B1}.Release|Any CPU.ActiveCfg = Release|Any CPU
		{ABA59913-D7A2-496E-8925-BC3CA98024B1}.Release|Any CPU.Build.0 = Release|Any CPU
	EndGlobalSection
	GlobalSection(SolutionProperties) = preSolution
		HideSolutionNode = FALSE
	EndGlobalSection
	GlobalSection(ExtensibilityGlobals) = postSolution
		SolutionGuid = {4BF6CE41-FAF6-49BA-AE32-BC291854AFE3}
	EndGlobalSection
EndGlobal
